
Microsoft Visual Studio Solution File, Format Version 12.00
# Visual Studio Version 16
VisualStudioVersion = 16.0.29324.140
MinimumVisualStudioVersion = 10.0.40219.1
Project("{FAE04EC0-301F-11D3-BF4B-00C04F79EFBC}") = "StoreApp.App", "StoreApp.App\StoreApp.App.csproj", "{CB42161F-0B06-4B46-934A-2FA8252735C0}"
EndProject
Project("{FAE04EC0-301F-11D3-BF4B-00C04F79EFBC}") = "StoreApp.Library", "StoreApp.Library\StoreApp.Library.csproj", "{9E0CF72A-20E0-4196-8AE8-92E06188913C}"
EndProject
Project("{FAE04EC0-301F-11D3-BF4B-00C04F79EFBC}") = "StoreApp.Testing", "StoreApp.Testing\StoreApp.Testing.csproj", "{F2E43EB7-FCE0-45CF-AC16-1EDB8CB753C9}"
EndProject
Global
	GlobalSection(SolutionConfigurationPlatforms) = preSolution
		Debug|Any CPU = Debug|Any CPU
		Release|Any CPU = Release|Any CPU
	EndGlobalSection
	GlobalSection(ProjectConfigurationPlatforms) = postSolution
		{CB42161F-0B06-4B46-934A-2FA8252735C0}.Debug|Any CPU.ActiveCfg = Debug|Any CPU
		{CB42161F-0B06-4B46-934A-2FA8252735C0}.Debug|Any CPU.Build.0 = Debug|Any CPU
		{CB42161F-0B06-4B46-934A-2FA8252735C0}.Release|Any CPU.ActiveCfg = Release|Any CPU
		{CB42161F-0B06-4B46-934A-2FA8252735C0}.Release|Any CPU.Build.0 = Release|Any CPU
		{9E0CF72A-20E0-4196-8AE8-92E06188913C}.Debug|Any CPU.ActiveCfg = Debug|Any CPU
		{9E0CF72A-20E0-4196-8AE8-92E06188913C}.Debug|Any CPU.Build.0 = Debug|Any CPU
		{9E0CF72A-20E0-4196-8AE8-92E06188913C}.Release|Any CPU.ActiveCfg = Release|Any CPU
		{9E0CF72A-20E0-4196-8AE8-92E06188913C}.Release|Any CPU.Build.0 = Release|Any CPU
		{F2E43EB7-FCE0-45CF-AC16-1EDB8CB753C9}.Debug|Any CPU.ActiveCfg = Debug|Any CPU
		{F2E43EB7-FCE0-45CF-AC16-1EDB8CB753C9}.Debug|Any CPU.Build.0 = Debug|Any CPU
		{F2E43EB7-FCE0-45CF-AC16-1EDB8CB753C9}.Release|Any CPU.ActiveCfg = Release|Any CPU
		{F2E43EB7-FCE0-45CF-AC16-1EDB8CB753C9}.Release|Any CPU.Build.0 = Release|Any CPU
	EndGlobalSection
	GlobalSection(SolutionProperties) = preSolution
		HideSolutionNode = FALSE
	EndGlobalSection
	GlobalSection(ExtensibilityGlobals) = postSolution
		SolutionGuid = {CA9E1D0F-0537-4679-817F-E1DC54FB4A86}
	EndGlobalSection
EndGlobal
